// !$*UTF8*$!
{
	archiveVersion = 1;
	classes = {
	};
	objectVersion = 56;
	objects = {

/* Begin PBXBuildFile section */
		EF06934E2B688457007DC4C1 /* AstronautView.swift in Sources */ = {isa = PBXBuildFile; fileRef = EF06934D2B688457007DC4C1 /* AstronautView.swift */; };
		EF3C8B702B65BF8400682619 /* MoonshotApp.swift in Sources */ = {isa = PBXBuildFile; fileRef = EF3C8B6F2B65BF8400682619 /* MoonshotApp.swift */; };
		EF3C8B722B65BF8400682619 /* ContentView.swift in Sources */ = {isa = PBXBuildFile; fileRef = EF3C8B712B65BF8400682619 /* ContentView.swift */; };
		EF3C8B742B65BF8600682619 /* Assets.xcassets in Resources */ = {isa = PBXBuildFile; fileRef = EF3C8B732B65BF8600682619 /* Assets.xcassets */; };
		EF3C8B772B65BF8600682619 /* Preview Assets.xcassets in Resources */ = {isa = PBXBuildFile; fileRef = EF3C8B762B65BF8600682619 /* Preview Assets.xcassets */; };
		EF43D1282B69CFBA00AACB5E /* CrewView.swift in Sources */ = {isa = PBXBuildFile; fileRef = EF43D1272B69CFBA00AACB5E /* CrewView.swift */; };
		EF52935A2B67999F006C215C /* Color-Theme.swift in Sources */ = {isa = PBXBuildFile; fileRef = EF5293592B67999F006C215C /* Color-Theme.swift */; };
		EF663EE22B6627F0001B145F /* astronauts.json in Resources */ = {isa = PBXBuildFile; fileRef = EF663EE02B6627F0001B145F /* astronauts.json */; };
		EF663EE32B6627F0001B145F /* missions.json in Resources */ = {isa = PBXBuildFile; fileRef = EF663EE12B6627F0001B145F /* missions.json */; };
		EF663EE52B662B8F001B145F /* Astronaut.swift in Sources */ = {isa = PBXBuildFile; fileRef = EF663EE42B662B8F001B145F /* Astronaut.swift */; };
		EF663EE72B662D4F001B145F /* Bundle-Decodable.swift in Sources */ = {isa = PBXBuildFile; fileRef = EF663EE62B662D4F001B145F /* Bundle-Decodable.swift */; };
		EF74FFA32B68325D00B19721 /* MissionView.swift in Sources */ = {isa = PBXBuildFile; fileRef = EF74FFA22B68325D00B19721 /* MissionView.swift */; };
		EF86009B2B6AE03700D8A306 /* CrewMember.swift in Sources */ = {isa = PBXBuildFile; fileRef = EF86009A2B6AE03700D8A306 /* CrewMember.swift */; };
		EF86009D2B6AF89200D8A306 /* RectangleDivider.swift in Sources */ = {isa = PBXBuildFile; fileRef = EF86009C2B6AF89200D8A306 /* RectangleDivider.swift */; };
		EF86009F2B6AFF0400D8A306 /* GridLayout.swift in Sources */ = {isa = PBXBuildFile; fileRef = EF86009E2B6AFF0400D8A306 /* GridLayout.swift */; };
		EF8600A12B6B010200D8A306 /* ListLayout.swift in Sources */ = {isa = PBXBuildFile; fileRef = EF8600A02B6B010200D8A306 /* ListLayout.swift */; };
		EF9B1E752B66ECFC0008CCA5 /* Mission.swift in Sources */ = {isa = PBXBuildFile; fileRef = EF9B1E742B66ECFC0008CCA5 /* Mission.swift */; };
/* End PBXBuildFile section */

/* Begin PBXFileReference section */
		EF06934D2B688457007DC4C1 /* AstronautView.swift */ = {isa = PBXFileReference; lastKnownFileType = sourcecode.swift; path = AstronautView.swift; sourceTree = "<group>"; };
		EF3C8B6C2B65BF8400682619 /* Moonshot.app */ = {isa = PBXFileReference; explicitFileType = wrapper.application; includeInIndex = 0; path = Moonshot.app; sourceTree = BUILT_PRODUCTS_DIR; };
		EF3C8B6F2B65BF8400682619 /* MoonshotApp.swift */ = {isa = PBXFileReference; lastKnownFileType = sourcecode.swift; path = MoonshotApp.swift; sourceTree = "<group>"; };
		EF3C8B712B65BF8400682619 /* ContentView.swift */ = {isa = PBXFileReference; lastKnownFileType = sourcecode.swift; path = ContentView.swift; sourceTree = "<group>"; };
		EF3C8B732B65BF8600682619 /* Assets.xcassets */ = {isa = PBXFileReference; lastKnownFileType = folder.assetcatalog; path = Assets.xcassets; sourceTree = "<group>"; };
		EF3C8B762B65BF8600682619 /* Preview Assets.xcassets */ = {isa = PBXFileReference; lastKnownFileType = folder.assetcatalog; path = "Preview Assets.xcassets"; sourceTree = "<group>"; };
		EF43D1272B69CFBA00AACB5E /* CrewView.swift */ = {isa = PBXFileReference; lastKnownFileType = sourcecode.swift; path = CrewView.swift; sourceTree = "<group>"; };
		EF5293592B67999F006C215C /* Color-Theme.swift */ = {isa = PBXFileReference; lastKnownFileType = sourcecode.swift; path = "Color-Theme.swift"; sourceTree = "<group>"; };
		EF663EE02B6627F0001B145F /* astronauts.json */ = {isa = PBXFileReference; fileEncoding = 4; lastKnownFileType = text.json; path = astronauts.json; sourceTree = "<group>"; };
		EF663EE12B6627F0001B145F /* missions.json */ = {isa = PBXFileReference; fileEncoding = 4; lastKnownFileType = text.json; path = missions.json; sourceTree = "<group>"; };
		EF663EE42B662B8F001B145F /* Astronaut.swift */ = {isa = PBXFileReference; lastKnownFileType = sourcecode.swift; path = Astronaut.swift; sourceTree = "<group>"; };
		EF663EE62B662D4F001B145F /* Bundle-Decodable.swift */ = {isa = PBXFileReference; lastKnownFileType = sourcecode.swift; path = "Bundle-Decodable.swift"; sourceTree = "<group>"; };
		EF74FFA22B68325D00B19721 /* MissionView.swift */ = {isa = PBXFileReference; lastKnownFileType = sourcecode.swift; path = MissionView.swift; sourceTree = "<group>"; };
		EF86009A2B6AE03700D8A306 /* CrewMember.swift */ = {isa = PBXFileReference; lastKnownFileType = sourcecode.swift; path = CrewMember.swift; sourceTree = "<group>"; };
		EF86009C2B6AF89200D8A306 /* RectangleDivider.swift */ = {isa = PBXFileReference; lastKnownFileType = sourcecode.swift; path = RectangleDivider.swift; sourceTree = "<group>"; };
		EF86009E2B6AFF0400D8A306 /* GridLayout.swift */ = {isa = PBXFileReference; lastKnownFileType = sourcecode.swift; path = GridLayout.swift; sourceTree = "<group>"; };
		EF8600A02B6B010200D8A306 /* ListLayout.swift */ = {isa = PBXFileReference; lastKnownFileType = sourcecode.swift; path = ListLayout.swift; sourceTree = "<group>"; };
		EF9B1E742B66ECFC0008CCA5 /* Mission.swift */ = {isa = PBXFileReference; lastKnownFileType = sourcecode.swift; path = Mission.swift; sourceTree = "<group>"; };
/* End PBXFileReference section */

/* Begin PBXFrameworksBuildPhase section */
		EF3C8B692B65BF8400682619 /* Frameworks */ = {
			isa = PBXFrameworksBuildPhase;
			buildActionMask = 2147483647;
			files = (
			);
			runOnlyForDeploymentPostprocessing = 0;
		};
/* End PBXFrameworksBuildPhase section */

/* Begin PBXGroup section */
		EF3C8B632B65BF8400682619 = {
			isa = PBXGroup;
			children = (
				EF3C8B6E2B65BF8400682619 /* Moonshot */,
				EF3C8B6D2B65BF8400682619 /* Products */,
			);
			sourceTree = "<group>";
		};
		EF3C8B6D2B65BF8400682619 /* Products */ = {
			isa = PBXGroup;
			children = (
				EF3C8B6C2B65BF8400682619 /* Moonshot.app */,
			);
			name = Products;
			sourceTree = "<group>";
		};
		EF3C8B6E2B65BF8400682619 /* Moonshot */ = {
			isa = PBXGroup;
			children = (
				EF663EE02B6627F0001B145F /* astronauts.json */,
				EF663EE12B6627F0001B145F /* missions.json */,
				EF663EE62B662D4F001B145F /* Bundle-Decodable.swift */,
				EF5293592B67999F006C215C /* Color-Theme.swift */,
				EF3C8B712B65BF8400682619 /* ContentView.swift */,
				EF74FFA22B68325D00B19721 /* MissionView.swift */,
				EF86009C2B6AF89200D8A306 /* RectangleDivider.swift */,
				EF43D1272B69CFBA00AACB5E /* CrewView.swift */,
				EF86009E2B6AFF0400D8A306 /* GridLayout.swift */,
				EF8600A02B6B010200D8A306 /* ListLayout.swift */,
				EF06934D2B688457007DC4C1 /* AstronautView.swift */,
				EF9B1E742B66ECFC0008CCA5 /* Mission.swift */,
				EF663EE42B662B8F001B145F /* Astronaut.swift */,
				EF3C8B6F2B65BF8400682619 /* MoonshotApp.swift */,
				EF86009A2B6AE03700D8A306 /* CrewMember.swift */,
				EF3C8B732B65BF8600682619 /* Assets.xcassets */,
				EF3C8B752B65BF8600682619 /* Preview Content */,
			);
			path = Moonshot;
			sourceTree = "<group>";
		};
		EF3C8B752B65BF8600682619 /* Preview Content */ = {
			isa = PBXGroup;
			children = (
				EF3C8B762B65BF8600682619 /* Preview Assets.xcassets */,
			);
			path = "Preview Content";
			sourceTree = "<group>";
		};
/* End PBXGroup section */

/* Begin PBXNativeTarget section */
		EF3C8B6B2B65BF8400682619 /* Moonshot */ = {
			isa = PBXNativeTarget;
			buildConfigurationList = EF3C8B7A2B65BF8600682619 /* Build configuration list for PBXNativeTarget "Moonshot" */;
			buildPhases = (
				EF3C8B682B65BF8400682619 /* Sources */,
				EF3C8B692B65BF8400682619 /* Frameworks */,
				EF3C8B6A2B65BF8400682619 /* Resources */,
			);
			buildRules = (
			);
			dependencies = (
			);
			name = Moonshot;
			productName = Moonshot;
			productReference = EF3C8B6C2B65BF8400682619 /* Moonshot.app */;
			productType = "com.apple.product-type.application";
		};
/* End PBXNativeTarget section */

/* Begin PBXProject section */
		EF3C8B642B65BF8400682619 /* Project object */ = {
			isa = PBXProject;
			attributes = {
				BuildIndependentTargetsInParallel = 1;
				LastSwiftUpdateCheck = 1520;
				LastUpgradeCheck = 1520;
				TargetAttributes = {
					EF3C8B6B2B65BF8400682619 = {
						CreatedOnToolsVersion = 15.2;
					};
				};
			};
			buildConfigurationList = EF3C8B672B65BF8400682619 /* Build configuration list for PBXProject "Moonshot" */;
			compatibilityVersion = "Xcode 14.0";
			developmentRegion = en;
			hasScannedForEncodings = 0;
			knownRegions = (
				en,
				Base,
			);
			mainGroup = EF3C8B632B65BF8400682619;
			productRefGroup = EF3C8B6D2B65BF8400682619 /* Products */;
			projectDirPath = "";
			projectRoot = "";
			targets = (
				EF3C8B6B2B65BF8400682619 /* Moonshot */,
			);
		};
/* End PBXProject section */

/* Begin PBXResourcesBuildPhase section */
		EF3C8B6A2B65BF8400682619 /* Resources */ = {
			isa = PBXResourcesBuildPhase;
			buildActionMask = 2147483647;
			files = (
				EF663EE22B6627F0001B145F /* astronauts.json in Resources */,
				EF3C8B772B65BF8600682619 /* Preview Assets.xcassets in Resources */,
				EF663EE32B6627F0001B145F /* missions.json in Resources */,
				EF3C8B742B65BF8600682619 /* Assets.xcassets in Resources */,
			);
			runOnlyForDeploymentPostprocessing = 0;
		};
/* End PBXResourcesBuildPhase section */

/* Begin PBXSourcesBuildPhase section */
		EF3C8B682B65BF8400682619 /* Sources */ = {
			isa = PBXSourcesBuildPhase;
			buildActionMask = 2147483647;
			files = (
				EF74FFA32B68325D00B19721 /* MissionView.swift in Sources */,
				EF43D1282B69CFBA00AACB5E /* CrewView.swift in Sources */,
				EF663EE52B662B8F001B145F /* Astronaut.swift in Sources */,
				EF86009F2B6AFF0400D8A306 /* GridLayout.swift in Sources */,
				EF06934E2B688457007DC4C1 /* AstronautView.swift in Sources */,
				EF86009B2B6AE03700D8A306 /* CrewMember.swift in Sources */,
				EF52935A2B67999F006C215C /* Color-Theme.swift in Sources */,
				EF3C8B722B65BF8400682619 /* ContentView.swift in Sources */,
				EF3C8B702B65BF8400682619 /* MoonshotApp.swift in Sources */,
				EF9B1E752B66ECFC0008CCA5 /* Mission.swift in Sources */,
				EF663EE72B662D4F001B145F /* Bundle-Decodable.swift in Sources */,
				EF8600A12B6B010200D8A306 /* ListLayout.swift in Sources */,
				EF86009D2B6AF89200D8A306 /* RectangleDivider.swift in Sources */,
			);
			runOnlyForDeploymentPostprocessing = 0;
		};
/* End PBXSourcesBuildPhase section */

/* Begin XCBuildConfiguration section */
		EF3C8B782B65BF8600682619 /* Debug */ = {
			isa = XCBuildConfiguration;
			buildSettings = {
				ALWAYS_SEARCH_USER_PATHS = NO;
				ASSETCATALOG_COMPILER_GENERATE_SWIFT_ASSET_SYMBOL_EXTENSIONS = YES;
				CLANG_ANALYZER_NONNULL = YES;
				CLANG_ANALYZER_NUMBER_OBJECT_CONVERSION = YES_AGGRESSIVE;
				CLANG_CXX_LANGUAGE_STANDARD = "gnu++20";
				CLANG_ENABLE_MODULES = YES;
				CLANG_ENABLE_OBJC_ARC = YES;
				CLANG_ENABLE_OBJC_WEAK = YES;
				CLANG_WARN_BLOCK_CAPTURE_AUTORELEASING = YES;
				CLANG_WARN_BOOL_CONVERSION = YES;
				CLANG_WARN_COMMA = YES;
				CLANG_WARN_CONSTANT_CONVERSION = YES;
				CLANG_WARN_DEPRECATED_OBJC_IMPLEMENTATIONS = YES;
				CLANG_WARN_DIRECT_OBJC_ISA_USAGE = YES_ERROR;
				CLANG_WARN_DOCUMENTATION_COMMENTS = YES;
				CLANG_WARN_EMPTY_BODY = YES;
				CLANG_WARN_ENUM_CONVERSION = YES;
				CLANG_WARN_INFINITE_RECURSION = YES;
				CLANG_WARN_INT_CONVERSION = YES;
				CLANG_WARN_NON_LITERAL_NULL_CONVERSION = YES;
				CLANG_WARN_OBJC_IMPLICIT_RETAIN_SELF = YES;
				CLANG_WARN_OBJC_LITERAL_CONVERSION = YES;
				CLANG_WARN_OBJC_ROOT_CLASS = YES_ERROR;
				CLANG_WARN_QUOTED_INCLUDE_IN_FRAMEWORK_HEADER = YES;
				CLANG_WARN_RANGE_LOOP_ANALYSIS = YES;
				CLANG_WARN_STRICT_PROTOTYPES = YES;
				CLANG_WARN_SUSPICIOUS_MOVE = YES;
				CLANG_WARN_UNGUARDED_AVAILABILITY = YES_AGGRESSIVE;
				CLANG_WARN_UNREACHABLE_CODE = YES;
				CLANG_WARN__DUPLICATE_METHOD_MATCH = YES;
				COPY_PHASE_STRIP = NO;
				DEBUG_INFORMATION_FORMAT = dwarf;
				ENABLE_STRICT_OBJC_MSGSEND = YES;
				ENABLE_TESTABILITY = YES;
				ENABLE_USER_SCRIPT_SANDBOXING = YES;
				GCC_C_LANGUAGE_STANDARD = gnu17;
				GCC_DYNAMIC_NO_PIC = NO;
				GCC_NO_COMMON_BLOCKS = YES;
				GCC_OPTIMIZATION_LEVEL = 0;
				GCC_PREPROCESSOR_DEFINITIONS = (
					"DEBUG=1",
					"$(inherited)",
				);
				GCC_WARN_64_TO_32_BIT_CONVERSION = YES;
				GCC_WARN_ABOUT_RETURN_TYPE = YES_ERROR;
				GCC_WARN_UNDECLARED_SELECTOR = YES;
				GCC_WARN_UNINITIALIZED_AUTOS = YES_AGGRESSIVE;
				GCC_WARN_UNUSED_FUNCTION = YES;
				GCC_WARN_UNUSED_VARIABLE = YES;
				IPHONEOS_DEPLOYMENT_TARGET = 17.2;
				LOCALIZATION_PREFERS_STRING_CATALOGS = YES;
				MTL_ENABLE_DEBUG_INFO = INCLUDE_SOURCE;
				MTL_FAST_MATH = YES;
				ONLY_ACTIVE_ARCH = YES;
				SDKROOT = iphoneos;
				SWIFT_ACTIVE_COMPILATION_CONDITIONS = "DEBUG $(inherited)";
				SWIFT_OPTIMIZATION_LEVEL = "-Onone";
			};
			name = Debug;
		};
		EF3C8B792B65BF8600682619 /* Release */ = {
			isa = XCBuildConfiguration;
			buildSettings = {
				ALWAYS_SEARCH_USER_PATHS = NO;
				ASSETCATALOG_COMPILER_GENERATE_SWIFT_ASSET_SYMBOL_EXTENSIONS = YES;
				CLANG_ANALYZER_NONNULL = YES;
				CLANG_ANALYZER_NUMBER_OBJECT_CONVERSION = YES_AGGRESSIVE;
				CLANG_CXX_LANGUAGE_STANDARD = "gnu++20";
				CLANG_ENABLE_MODULES = YES;
				CLANG_ENABLE_OBJC_ARC = YES;
				CLANG_ENABLE_OBJC_WEAK = YES;
				CLANG_WARN_BLOCK_CAPTURE_AUTORELEASING = YES;
				CLANG_WARN_BOOL_CONVERSION = YES;
				CLANG_WARN_COMMA = YES;
				CLANG_WARN_CONSTANT_CONVERSION = YES;
				CLANG_WARN_DEPRECATED_OBJC_IMPLEMENTATIONS = YES;
				CLANG_WARN_DIRECT_OBJC_ISA_USAGE = YES_ERROR;
				CLANG_WARN_DOCUMENTATION_COMMENTS = YES;
				CLANG_WARN_EMPTY_BODY = YES;
				CLANG_WARN_ENUM_CONVERSION = YES;
				CLANG_WARN_INFINITE_RECURSION = YES;
				CLANG_WARN_INT_CONVERSION = YES;
				CLANG_WARN_NON_LITERAL_NULL_CONVERSION = YES;
				CLANG_WARN_OBJC_IMPLICIT_RETAIN_SELF = YES;
				CLANG_WARN_OBJC_LITERAL_CONVERSION = YES;
				CLANG_WARN_OBJC_ROOT_CLASS = YES_ERROR;
				CLANG_WARN_QUOTED_INCLUDE_IN_FRAMEWORK_HEADER = YES;
				CLANG_WARN_RANGE_LOOP_ANALYSIS = YES;
				CLANG_WARN_STRICT_PROTOTYPES = YES;
				CLANG_WARN_SUSPICIOUS_MOVE = YES;
				CLANG_WARN_UNGUARDED_AVAILABILITY = YES_AGGRESSIVE;
				CLANG_WARN_UNREACHABLE_CODE = YES;
				CLANG_WARN__DUPLICATE_METHOD_MATCH = YES;
				COPY_PHASE_STRIP = NO;
				DEBUG_INFORMATION_FORMAT = "dwarf-with-dsym";
				ENABLE_NS_ASSERTIONS = NO;
				ENABLE_STRICT_OBJC_MSGSEND = YES;
				ENABLE_USER_SCRIPT_SANDBOXING = YES;
				GCC_C_LANGUAGE_STANDARD = gnu17;
				GCC_NO_COMMON_BLOCKS = YES;
				GCC_WARN_64_TO_32_BIT_CONVERSION = YES;
				GCC_WARN_ABOUT_RETURN_TYPE = YES_ERROR;
				GCC_WARN_UNDECLARED_SELECTOR = YES;
				GCC_WARN_UNINITIALIZED_AUTOS = YES_AGGRESSIVE;
				GCC_WARN_UNUSED_FUNCTION = YES;
				GCC_WARN_UNUSED_VARIABLE = YES;
				IPHONEOS_DEPLOYMENT_TARGET = 17.2;
				LOCALIZATION_PREFERS_STRING_CATALOGS = YES;
				MTL_ENABLE_DEBUG_INFO = NO;
				MTL_FAST_MATH = YES;
				SDKROOT = iphoneos;
				SWIFT_COMPILATION_MODE = wholemodule;
				VALIDATE_PRODUCT = YES;
			};
			name = Release;
		};
		EF3C8B7B2B65BF8600682619 /* Debug */ = {
			isa = XCBuildConfiguration;
			buildSettings = {
				ASSETCATALOG_COMPILER_APPICON_NAME = AppIcon;
				ASSETCATALOG_COMPILER_GLOBAL_ACCENT_COLOR_NAME = AccentColor;
				CODE_SIGN_STYLE = Automatic;
				CURRENT_PROJECT_VERSION = 1;
				DEVELOPMENT_ASSET_PATHS = "\"Moonshot/Preview Content\"";
				ENABLE_PREVIEWS = YES;
				GENERATE_INFOPLIST_FILE = YES;
				INFOPLIST_KEY_UIApplicationSceneManifest_Generation = YES;
				INFOPLIST_KEY_UIApplicationSupportsIndirectInputEvents = YES;
				INFOPLIST_KEY_UILaunchScreen_Generation = YES;
				INFOPLIST_KEY_UISupportedInterfaceOrientations_iPad = "UIInterfaceOrientationPortrait UIInterfaceOrientationPortraitUpsideDown UIInterfaceOrientationLandscapeLeft UIInterfaceOrientationLandscapeRight";
				INFOPLIST_KEY_UISupportedInterfaceOrientations_iPhone = "UIInterfaceOrientationPortrait UIInterfaceOrientationLandscapeLeft UIInterfaceOrientationLandscapeRight";
				LD_RUNPATH_SEARCH_PATHS = (
					"$(inherited)",
					"@executable_path/Frameworks",
				);
				MARKETING_VERSION = 1.0;
				PRODUCT_BUNDLE_IDENTIFIER = com.woodrowmartyr.Moonshot;
				PRODUCT_NAME = "$(TARGET_NAME)";
				SWIFT_EMIT_LOC_STRINGS = YES;
				SWIFT_VERSION = 5.0;
				TARGETED_DEVICE_FAMILY = "1,2";
			};
			name = Debug;
		};
		EF3C8B7C2B65BF8600682619 /* Release */ = {
			isa = XCBuildConfiguration;
			buildSettings = {
				ASSETCATALOG_COMPILER_APPICON_NAME = AppIcon;
				ASSETCATALOG_COMPILER_GLOBAL_ACCENT_COLOR_NAME = AccentColor;
				CODE_SIGN_STYLE = Automatic;
				CURRENT_PROJECT_VERSION = 1;
				DEVELOPMENT_ASSET_PATHS = "\"Moonshot/Preview Content\"";
				ENABLE_PREVIEWS = YES;
				GENERATE_INFOPLIST_FILE = YES;
				INFOPLIST_KEY_UIApplicationSceneManifest_Generation = YES;
				INFOPLIST_KEY_UIApplicationSupportsIndirectInputEvents = YES;
				INFOPLIST_KEY_UILaunchScreen_Generation = YES;
				INFOPLIST_KEY_UISupportedInterfaceOrientations_iPad = "UIInterfaceOrientationPortrait UIInterfaceOrientationPortraitUpsideDown UIInterfaceOrientationLandscapeLeft UIInterfaceOrientationLandscapeRight";
				INFOPLIST_KEY_UISupportedInterfaceOrientations_iPhone = "UIInterfaceOrientationPortrait UIInterfaceOrientationLandscapeLeft UIInterfaceOrientationLandscapeRight";
				LD_RUNPATH_SEARCH_PATHS = (
					"$(inherited)",
					"@executable_path/Frameworks",
				);
				MARKETING_VERSION = 1.0;
				PRODUCT_BUNDLE_IDENTIFIER = com.woodrowmartyr.Moonshot;
				PRODUCT_NAME = "$(TARGET_NAME)";
				SWIFT_EMIT_LOC_STRINGS = YES;
				SWIFT_VERSION = 5.0;
				TARGETED_DEVICE_FAMILY = "1,2";
			};
			name = Release;
		};
/* End XCBuildConfiguration section */

/* Begin XCConfigurationList section */
		EF3C8B672B65BF8400682619 /* Build configuration list for PBXProject "Moonshot" */ = {
			isa = XCConfigurationList;
			buildConfigurations = (
				EF3C8B782B65BF8600682619 /* Debug */,
				EF3C8B792B65BF8600682619 /* Release */,
			);
			defaultConfigurationIsVisible = 0;
			defaultConfigurationName = Release;
		};
		EF3C8B7A2B65BF8600682619 /* Build configuration list for PBXNativeTarget "Moonshot" */ = {
			isa = XCConfigurationList;
			buildConfigurations = (
				EF3C8B7B2B65BF8600682619 /* Debug */,
				EF3C8B7C2B65BF8600682619 /* Release */,
			);
			defaultConfigurationIsVisible = 0;
			defaultConfigurationName = Release;
		};
/* End XCConfigurationList section */
	};
	rootObject = EF3C8B642B65BF8400682619 /* Project object */;
}
